# THIS IS AN AUTOGENERATED FILE. DO NOT EDIT THIS FILE DIRECTLY.
assets/bg-music.png:
  development: 2017-11-18T15:56:09+08:00   c661fa9704e7ec925baab3dff9153462
assets/gift-card.scss.liquid:
  development: 2017-11-18T15:56:09+08:00   d002007c6ca2572cffd492ca5e0a72dc
assets/ico-select.svg.liquid:
  development: 2017-11-18T15:56:09+08:00   c74a0fed2a628d11ab7ec2363d49b230
assets/icons.eot:
  development: 2017-11-30T02:49:17+08:00   7b7d98d87cd24ba7d6d3c4e40426e501
assets/icons.json:
  development: 2017-11-30T02:49:20+08:00   d1af74dccfb23a3ad602b06552110898
assets/icons.svg:
  development: 2017-11-30T02:49:20+08:00   556bd9077c85799dc3ba979f1de6571b
assets/icons.ttf:
  development: 2017-11-30T02:49:20+08:00   d328ad98cfa33c3fefcab2f7c57fb36e
assets/icons.woff:
  development: 2017-11-30T02:49:18+08:00   4a8b04bf6b9fd8b8b1c8ba79e43e186a
assets/jquery-2.2.3.min.js:
  development: 2017-11-18T15:56:09+08:00   33cabfa15c1060aaa3d207c653afb1ee
assets/lazysizes.min.js:
  development: 2017-11-18T15:56:09+08:00   8a017cd822f4299a72a0872b07105cf9
assets/password-page-background.jpg:
  development: 2017-11-18T15:56:09+08:00   4d5821272f875e5c11dd3a8c8e1d6133
assets/renner-black-webfont.woff:
  development: 2017-11-29T23:57:19+08:00   f521cf82c5413ee10f1442f0d815aa3a
assets/renner-black-webfont.woff2:
  development: 2017-11-29T23:57:58+08:00   d19730bd29143e042b3d14e74c2678e9
assets/renner-blackitalic-webfont.ttf:
  development: 2017-11-29T23:58:10+08:00   edcd00187ae96f641f42e92248ef1f0c
assets/renner-blackitalic-webfont.woff:
  development: 2017-11-29T23:57:19+08:00   9b738f219e447c36a21b5cd74606ec63
assets/renner-blackitalic-webfont.woff2:
  development: 2017-11-29T23:57:41+08:00   6bf81b8f1605aafb69f41b41e6883f6e
assets/renner-bold-webfont.ttf:
  development: 2017-11-29T23:57:50+08:00   0cd70b88246ac566d05daaa8c0d56b13
assets/renner-bold-webfont.woff:
  development: 2017-11-29T23:58:19+08:00   1c8c71915cdc9acce11d65425738e5ad
assets/renner-bold-webfont.woff2:
  development: 2017-11-29T23:57:37+08:00   e4bdd3d403db7849fd391da8ed4a0594
assets/renner-bolditalic-webfont.ttf:
  development: 2017-11-29T23:57:30+08:00   f4171db17fcd3913f67826766a1e9e44
assets/renner-bolditalic-webfont.woff:
  development: 2017-11-29T23:57:23+08:00   cdb9c4eb1938ef3ec96704e08ef72b45
assets/renner-bolditalic-webfont.woff2:
  development: 2017-11-29T23:58:01+08:00   2d3fcfbf1bfc5549db0e95e705caf1aa
assets/renner-book-webfont.woff:
  development: 2017-11-29T23:57:39+08:00   3906cf370589e4616640fe5128baa104
assets/renner-book-webfont.woff2:
  development: 2017-11-29T23:57:28+08:00   ecb1798898b37a1dbcbd3cce73dada4d
assets/renner-bookitalic-webfont.ttf:
  development: 2017-11-29T23:57:56+08:00   f22973f429be65b569748753897a2c39
assets/renner-bookitalic-webfont.woff:
  development: 2017-11-29T23:57:29+08:00   4f5ac4d3bfe33a39e21513b642d8e117
assets/renner-bookitalic-webfont.woff2:
  development: 2017-11-29T23:57:31+08:00   3969ceca663076ec3756697328b66087
assets/renner-light-webfont.woff:
  development: 2017-11-29T23:57:26+08:00   841bdf2d5513a65d2d5497d3055d0243
assets/renner-light-webfont.woff2:
  development: 2017-11-29T23:58:18+08:00   ae03b99f2b85f4a4d7f0fae514cb6411
assets/renner-lightitalic-webfont.ttf:
  development: 2017-11-29T23:58:00+08:00   dda1fbbef5ba6ae4226bc3a9bc88d099
assets/renner-lightitalic-webfont.woff:
  development: 2017-11-29T23:57:51+08:00   3008bc9373b94f526e89f2a0a8040d15
assets/renner-lightitalic-webfont.woff2:
  development: 2017-11-29T23:57:18+08:00   be754cabe5bc6b378ba041608ecf406c
assets/renner-medium-webfont.woff:
  development: 2017-11-29T23:58:04+08:00   e33cc32a73d6cad821df74cee44625e4
assets/renner-medium-webfont.woff2:
  development: 2017-11-29T23:57:17+08:00   772f5deec4f4356f76b9d450d1698cbe
assets/renner-mediumitalic-webfont.ttf:
  development: 2017-11-29T23:57:48+08:00   04d2dc2cf6d1dd85f24c8ecf71fe43e9
assets/renner-mediumitalic-webfont.woff:
  development: 2017-11-29T23:57:42+08:00   08b20a04261aee954e49b35aa80e35a9
assets/renner-mediumitalic-webfont.woff2:
  development: 2017-11-29T23:57:23+08:00   14c1855008f5489d4bf45c8d48a123d3
assets/renner.css:
  development: 2017-11-29T23:57:39+08:00   3f0882496b6ac8566cc777e57b07c54b
assets/respond-proxy.html:
  development: 2017-11-18T15:56:09+08:00   75002d74a330bff6bf069284da503b4c
assets/theme.js:
  development: 2017-12-09T15:09:44+08:00   f177cbb5841bea8c8d892ba6d6623742
assets/theme.scss.liquid:
  development: 2017-11-30T01:59:47+08:00   c9c128ba06240752f7f5bc1febef4996
assets/timber.scss.liquid:
  development: 2017-12-09T15:10:31+08:00   582c5db377622decf60e522d73d3694e
config/settings_data.json:
  development: 2017-11-30T13:29:38+08:00   9c1f7063f8ad0bb267fd19b2b09a25ac
config/settings_schema.json:
  development: 2017-11-30T20:55:41+08:00   63ddb10163759809d27ee95b36bc330a
layout/password.liquid:
  development: 2017-11-18T15:56:10+08:00   3d2e48bdf438ea5bf937b45c735b8dc8
layout/theme.liquid:
  development: 2017-12-07T01:12:27+08:00   b365ac83eb76524f47fe4be27e30f85a
locales/de.json:
  development: 2017-11-29T23:58:14+08:00   33b491c4aaba082df97ebf3d352aaad3
locales/en.default.json:
  development: 2017-11-30T22:51:10+08:00   de60c75cda102895cddcfc0348a16e39
locales/es.json:
  development: 2017-11-29T23:58:03+08:00   cb89cd4ebf4cd8757639136ed9d596a9
locales/fr.json:
  development: 2017-11-29T23:58:15+08:00   0fba24b80f4203298b65e23d139828f2
locales/it.json:
  development: 2017-11-29T23:57:33+08:00   78e7cd2ce3302bce00ae9f26dce86ba0
locales/ja.json:
  development: 2017-11-29T23:57:25+08:00   7659cdd123ba700d081f7aa37181be5b
locales/pt-BR.json:
  development: 2017-11-29T23:57:58+08:00   d8e6f309a0c029161bdbfeede9170413
locales/pt-PT.json:
  development: 2017-11-29T23:57:32+08:00   3c235f1ac12904379bb046ded4944c21
sections/article-template.liquid:
  development: 2017-11-18T15:56:08+08:00   f1dd5566ff0988ce2f9ff22cee0c6d61
sections/blog-template.liquid:
  development: 2017-11-18T15:56:08+08:00   89961bf2f933d63dc1fafe5df2d0fc8d
sections/cart-template.liquid:
  development: 2017-11-30T22:16:04+08:00   3e6215f7ee6d5c132b19528dde894db1
sections/collection-list.liquid:
  development: 2017-11-18T15:56:08+08:00   5ce167a04cb4d3216afbe926670ff26b
sections/collection-template.liquid:
  development: 2017-11-18T15:56:08+08:00   793cf91cb9827febf7ae64f907034ecd
sections/copyright.liquid:
  development: 2017-11-29T00:08:55+08:00   d66ead071ab34288f0f0c96f12746653
sections/custom-html.liquid:
  development: 2017-11-18T15:56:08+08:00   927c0e19d490d39ff4aa5bb9204175c7
sections/feature-row.liquid:
  development: 2017-11-18T15:56:08+08:00   4967e9c13f2efcc76043d8d62be845d1
sections/featured-blog.liquid:
  development: 2017-11-18T15:56:08+08:00   b983be9c784f9522731620aa4531a86b
sections/featured-collection.liquid:
  development: 2017-11-18T15:56:08+08:00   1a39a7d60a60a3e25c8d8278b2c2e83d
sections/featured-product.liquid:
  development: 2017-11-30T22:16:06+08:00   c0dd8c36afb540143216aba98b00be05
sections/featured-video.liquid:
  development: 2017-11-18T15:56:08+08:00   8125f658ad90f103df0dd67bed3dff24
sections/footer.liquid:
  development: 2017-11-30T02:32:58+08:00   187af00cff52b4a5be0f952d4fe37c69
sections/gallery.liquid:
  development: 2017-11-18T15:56:08+08:00   7f80796f0eb998f4a032a1ca450b1cf2
sections/header.liquid:
  development: 2017-11-30T13:02:15+08:00   8eee9ee5bc8e7df4e6c4e861f306b61c
sections/list-collections-template.liquid:
  development: 2017-11-18T15:56:08+08:00   b218836835163883f8006e98f64831ca
sections/map.liquid:
  development: 2017-11-29T23:58:10+08:00   b1168b8b0def6611aa565bf6f6a7bfbf
sections/newsletter.liquid:
  development: 2017-11-18T15:56:08+08:00   5cc3fc586b5480e78b7db7dce6d0aa22
sections/password-content.liquid:
  development: 2017-11-18T15:56:08+08:00   1cbf6f4c0188b2e6adfe02ae7f7071c2
sections/password-header.liquid:
  development: 2017-11-18T15:56:08+08:00   139dbe1b79b652043852cc73731d43e4
sections/product-template.liquid:
  development: 2017-12-04T00:03:21+08:00   d56a5ed9a5a2f1766e6bed39f5354413
sections/rich-text.liquid:
  development: 2017-11-18T15:56:08+08:00   408f02185ca5329eb1a670cf19ea4089
sections/slider.liquid:
  development: 2017-12-03T18:26:43+08:00   09b822a10e3f65d5f79445cb9c27552c
snippets/bgset.liquid:
  development: 2017-11-18T15:56:10+08:00   85889bbc39b57621f32fad66317366fc
snippets/blog-sidebar.liquid:
  development: 2017-11-18T15:56:10+08:00   db140aa96a5ee2e764d31483dd00168f
snippets/breadcrumb.liquid:
  development: 2017-11-18T15:56:10+08:00   7324fcf352fc0ce7d179877eeca50338
snippets/collection-grid-item.liquid:
  development: 2017-11-18T15:56:10+08:00   db7580d38bac3c09881c71dac5b5fea1
snippets/collection-sorting.liquid:
  development: 2017-11-18T15:56:10+08:00   3d2648af8d497870a7036250f62a7823
snippets/collection-tags.liquid:
  development: 2017-11-18T15:56:10+08:00   46029eea21893fe5add28a5547b3d35b
snippets/comment.liquid:
  development: 2017-11-18T15:56:10+08:00   35e507f92f779b5a74b68d9699051d53
snippets/featured-blog.liquid:
  development: 2017-11-29T23:57:50+08:00   e6bbd2c8902921c6ce79e37c8d0bdc90
snippets/google-fonts.liquid:
  development: 2017-11-18T15:56:10+08:00   8e40cfa27425f9a5b955b747e1edee96
snippets/image-style.liquid:
  development: 2017-11-18T15:56:10+08:00   264848e1c5a44d2f3f3feeb6edb0901c
snippets/mobile-nav-icons.liquid:
  development: 2017-11-18T15:56:10+08:00   aca96da4608db27ba0e4091c47c2d3d5
snippets/mobile-nav.liquid:
  development: 2017-11-18T15:56:10+08:00   2496dd7fea0ed64226afcb7c8d9df65d
snippets/newsletter-form.liquid:
  development: 2017-11-18T15:56:10+08:00   4e93b8617cdaba1a329a9e00618008b6
snippets/oldIE-js.liquid:
  development: 2017-11-18T15:56:10+08:00   c1183f12140d2f8faacdcce2ee890ffa
snippets/onboarding-featured-blog.liquid:
  development: 2017-11-18T15:56:10+08:00   9f64f9f3d710b57c959341e6293d0dd3
snippets/pagination-custom.liquid:
  development: 2017-11-18T15:56:10+08:00   13a718c4d2a26a6c5b0a4088feffcdee
snippets/product-grid-item.liquid:
  development: 2017-11-30T22:16:05+08:00   c6d04fa50c80dcfa75ba4570139eda64
snippets/related-products.liquid:
  development: 2017-11-18T15:56:10+08:00   f226f17d078871c7321c506d6f04b71f
snippets/respond.liquid:
  development: 2017-11-18T15:56:10+08:00   296108cb94e6cb82d515ebb93308ef68
snippets/search-bar.liquid:
  development: 2017-11-18T15:56:10+08:00   153f168e799a75157665c273aaee23ea
snippets/search-result-grid.liquid:
  development: 2017-11-30T22:16:04+08:00   557927664b63a565d872e261393e3eea
snippets/search-result.liquid:
  development: 2017-11-30T22:16:06+08:00   a7aaf8b2944883884a78af472ced5740
snippets/site-nav.liquid:
  development: 2017-11-18T15:56:10+08:00   afdbeba09456a0177ce562610b7e442b
snippets/social-links.liquid:
  development: 2017-11-30T02:53:25+08:00   65124f7538f30e4427026d4b6d10a1b7
snippets/social-meta-tags.liquid:
  development: 2017-11-18T15:56:10+08:00   ae9e213401623b2601abf0ace8e21537
snippets/social-sharing.liquid:
  development: 2017-11-18T15:56:10+08:00   50728986de2370a746cdaa2d7497eb10
snippets/svg-definitions.liquid:
  development: 2017-11-29T23:57:30+08:00   fe4fbc64d534e355fd8653de4ebac79a
snippets/tags-article.liquid:
  development: 2017-11-18T15:56:10+08:00   20bac49751d1b57826250dd05fdba854
templates/404.liquid:
  development: 2017-11-18T15:56:10+08:00   a345bd048463d3bb245873ed26a41a98
templates/article.liquid:
  development: 2017-11-18T15:56:10+08:00   5daa05ec94a09e61c83de1fdda71d460
templates/blog.liquid:
  development: 2017-11-18T15:56:10+08:00   2d9763b480fe6879080163b1e0e33e54
templates/cart.liquid:
  development: 2017-11-18T15:56:10+08:00   bba3c715f8c51f0520b3bd1a49ca90dc
templates/collection.liquid:
  development: 2017-11-18T15:56:10+08:00   dbc96efd23c46d39aa0870904e5ffb76
templates/customers/account.liquid:
  development: 2017-11-18T15:56:10+08:00   a6965fad5d37ba0893a8cb291793ce33
templates/customers/activate_account.liquid:
  development: 2017-11-18T15:56:10+08:00   53ad1b14a19e22b0536200fc95766c91
templates/customers/addresses.liquid:
  development: 2017-11-18T15:56:10+08:00   8433bf9eede9af8897c4df98b3918e94
templates/customers/login.liquid:
  development: 2017-11-18T15:56:10+08:00   2924330d47e28ff885ab9fab64de7ffb
templates/customers/order.liquid:
  development: 2017-11-30T22:16:05+08:00   c3b048af43b566743eadeeba33a15740
templates/customers/register.liquid:
  development: 2017-11-18T15:56:11+08:00   a867faa8369db6f6043803d8db367195
templates/customers/reset_password.liquid:
  development: 2017-11-18T15:56:11+08:00   34c6b26b205551a90f08f2dca7519550
templates/gift_card.liquid:
  development: 2017-11-18T15:56:11+08:00   c89d225570b579ec782e06e4cfb110ab
templates/index.liquid:
  development: 2017-11-18T15:56:11+08:00   56b51b6f96394db4b17c64b43e1c0010
templates/list-collections.liquid:
  development: 2017-11-18T15:56:11+08:00   eabed71f62563b929b8da83a4aeacbfb
templates/page.contact.liquid:
  development: 2017-11-18T15:56:11+08:00   66f8544941ec97c56348164eb3a7a245
templates/page.full-width-no-heading.liquid:
  development: 2017-11-18T15:56:11+08:00   69d6b589c5ec6e8299088c5624c195fa
templates/page.full-width.liquid:
  development: 2017-11-18T15:56:11+08:00   70e6db67acbee100359ac565a1cc4fbf
templates/page.liquid:
  development: 2017-11-18T15:56:11+08:00   920ebc6f5bbe5203ece5b8a6b1e66488
templates/page.no-heading.liquid:
  development: 2017-11-18T15:56:11+08:00   1217ebf3d69892fe813368050dfa6629
templates/page.shop-now-no-heading.liquid:
  development: 2017-12-09T15:07:35+08:00   68e2513d75da1c7cce402d41e72bbecf
templates/password.liquid:
  development: 2017-11-18T15:56:11+08:00   27c20529a5fa11780bc067f4f5c7cc9d
templates/product.liquid:
  development: 2017-11-18T15:56:11+08:00   104c9411752892755502b61349a31329
templates/search.liquid:
  development: 2017-11-18T15:56:11+08:00   3ce6b1a5bd60b05f4ed27f3f89d16888
